
Microsoft Visual Studio Solution File, Format Version 12.00
# Visual Studio 2013
VisualStudioVersion = 12.0.30723.0
MinimumVisualStudioVersion = 10.0.40219.1
Project("{FAE04EC0-301F-11D3-BF4B-00C04F79EFBC}") = "UnityRegistrationByConvention", "UnityRegistrationByConvention\UnityRegistrationByConvention.csproj", "{98ECEA56-531A-4A5B-9915-12CF96CD8940}"
EndProject
Project("{FAE04EC0-301F-11D3-BF4B-00C04F79EFBC}") = "Services", "..\Services\Services.csproj", "{C93DAE6B-DF0C-4BFF-8724-D2C5970FE219}"
EndProject
Global
	GlobalSection(SolutionConfigurationPlatforms) = preSolution
		Debug|Any CPU = Debug|Any CPU
		Release|Any CPU = Release|Any CPU
	EndGlobalSection
	GlobalSection(ProjectConfigurationPlatforms) = postSolution
		{98ECEA56-531A-4A5B-9915-12CF96CD8940}.Debug|Any CPU.ActiveCfg = Debug|Any CPU
		{98ECEA56-531A-4A5B-9915-12CF96CD8940}.Debug|Any CPU.Build.0 = Debug|Any CPU
		{98ECEA56-531A-4A5B-9915-12CF96CD8940}.Release|Any CPU.ActiveCfg = Release|Any CPU
		{98ECEA56-531A-4A5B-9915-12CF96CD8940}.Release|Any CPU.Build.0 = Release|Any CPU
		{C93DAE6B-DF0C-4BFF-8724-D2C5970FE219}.Debug|Any CPU.ActiveCfg = Debug|Any CPU
		{C93DAE6B-DF0C-4BFF-8724-D2C5970FE219}.Debug|Any CPU.Build.0 = Debug|Any CPU
		{C93DAE6B-DF0C-4BFF-8724-D2C5970FE219}.Release|Any CPU.ActiveCfg = Release|Any CPU
		{C93DAE6B-DF0C-4BFF-8724-D2C5970FE219}.Release|Any CPU.Build.0 = Release|Any CPU
	EndGlobalSection
	GlobalSection(SolutionProperties) = preSolution
		HideSolutionNode = FALSE
	EndGlobalSection
EndGlobal
